
Microsoft Visual Studio Solution File, Format Version 12.00
# Visual Studio 2017
Project("{FAE04EC0-301F-11D3-BF4B-00C04F79EFBC}") = "ProjectForBezier.Plugins", "ProjectForBezier.Plugins.csproj", "{606E940F-C54B-C55E-9D47-912B9AA12E1B}"
EndProject
Project("{FAE04EC0-301F-11D3-BF4B-00C04F79EFBC}") = "ProjectForBezier", "ProjectForBezier.csproj", "{81BFD279-B024-A5CC-A4DD-B90B7E2B2907}"
EndProject
Project("{FAE04EC0-301F-11D3-BF4B-00C04F79EFBC}") = "Unity.PackageManagerUI.Editor", "Unity.PackageManagerUI.Editor.csproj", "{6877705C-FBD9-0C4F-5AFB-6FB431E5D39D}"
EndProject
Project("{FAE04EC0-301F-11D3-BF4B-00C04F79EFBC}") = "ProjectForBezier.Editor.Plugins", "ProjectForBezier.Editor.Plugins.csproj", "{4E76F1C7-3A66-334F-661F-67EB618923CB}"
EndProject
Project("{FAE04EC0-301F-11D3-BF4B-00C04F79EFBC}") = "UnityEditor.StandardEvents", "UnityEditor.StandardEvents.csproj", "{6800202F-4402-D405-F8CB-03DC7BD78B92}"
EndProject
Global
	GlobalSection(SolutionConfigurationPlatforms) = preSolution
		Debug|Any CPU = Debug|Any CPU
		Release|Any CPU = Release|Any CPU
	EndGlobalSection
	GlobalSection(ProjectConfigurationPlatforms) = postSolution
		{606E940F-C54B-C55E-9D47-912B9AA12E1B}.Debug|Any CPU.ActiveCfg = Debug|Any CPU
		{606E940F-C54B-C55E-9D47-912B9AA12E1B}.Debug|Any CPU.Build.0 = Debug|Any CPU
		{606E940F-C54B-C55E-9D47-912B9AA12E1B}.Release|Any CPU.ActiveCfg = Release|Any CPU
		{606E940F-C54B-C55E-9D47-912B9AA12E1B}.Release|Any CPU.Build.0 = Release|Any CPU
		{81BFD279-B024-A5CC-A4DD-B90B7E2B2907}.Debug|Any CPU.ActiveCfg = Debug|Any CPU
		{81BFD279-B024-A5CC-A4DD-B90B7E2B2907}.Debug|Any CPU.Build.0 = Debug|Any CPU
		{81BFD279-B024-A5CC-A4DD-B90B7E2B2907}.Release|Any CPU.ActiveCfg = Release|Any CPU
		{81BFD279-B024-A5CC-A4DD-B90B7E2B2907}.Release|Any CPU.Build.0 = Release|Any CPU
		{6877705C-FBD9-0C4F-5AFB-6FB431E5D39D}.Debug|Any CPU.ActiveCfg = Debug|Any CPU
		{6877705C-FBD9-0C4F-5AFB-6FB431E5D39D}.Debug|Any CPU.Build.0 = Debug|Any CPU
		{6877705C-FBD9-0C4F-5AFB-6FB431E5D39D}.Release|Any CPU.ActiveCfg = Release|Any CPU
		{6877705C-FBD9-0C4F-5AFB-6FB431E5D39D}.Release|Any CPU.Build.0 = Release|Any CPU
		{4E76F1C7-3A66-334F-661F-67EB618923CB}.Debug|Any CPU.ActiveCfg = Debug|Any CPU
		{4E76F1C7-3A66-334F-661F-67EB618923CB}.Debug|Any CPU.Build.0 = Debug|Any CPU
		{4E76F1C7-3A66-334F-661F-67EB618923CB}.Release|Any CPU.ActiveCfg = Release|Any CPU
		{4E76F1C7-3A66-334F-661F-67EB618923CB}.Release|Any CPU.Build.0 = Release|Any CPU
		{6800202F-4402-D405-F8CB-03DC7BD78B92}.Debug|Any CPU.ActiveCfg = Debug|Any CPU
		{6800202F-4402-D405-F8CB-03DC7BD78B92}.Debug|Any CPU.Build.0 = Debug|Any CPU
		{6800202F-4402-D405-F8CB-03DC7BD78B92}.Release|Any CPU.ActiveCfg = Release|Any CPU
		{6800202F-4402-D405-F8CB-03DC7BD78B92}.Release|Any CPU.Build.0 = Release|Any CPU
	EndGlobalSection
	GlobalSection(SolutionProperties) = preSolution
		HideSolutionNode = FALSE
	EndGlobalSection
EndGlobal
